
Microsoft Visual Studio Solution File, Format Version 12.00
# Visual Studio Version 17
VisualStudioVersion = 17.3.32929.385
MinimumVisualStudioVersion = 10.0.40219.1
Project("{FAE04EC0-301F-11D3-BF4B-00C04F79EFBC}") = "WebApplication12", "WebApplication12.csproj", "{0BB00056-CD0D-4192-8C64-4AA9E29C4408}"
EndProject
Global
	GlobalSection(SolutionConfigurationPlatforms) = preSolution
		Debug|Any CPU = Debug|Any CPU
		Release|Any CPU = Release|Any CPU
	EndGlobalSection
	GlobalSection(ProjectConfigurationPlatforms) = postSolution
		{0BB00056-CD0D-4192-8C64-4AA9E29C4408}.Debug|Any CPU.ActiveCfg = Debug|Any CPU
		{0BB00056-CD0D-4192-8C64-4AA9E29C4408}.Debug|Any CPU.Build.0 = Debug|Any CPU
		{0BB00056-CD0D-4192-8C64-4AA9E29C4408}.Release|Any CPU.ActiveCfg = Release|Any CPU
		{0BB00056-CD0D-4192-8C64-4AA9E29C4408}.Release|Any CPU.Build.0 = Release|Any CPU
	EndGlobalSection
	GlobalSection(SolutionProperties) = preSolution
		HideSolutionNode = FALSE
	EndGlobalSection
	GlobalSection(ExtensibilityGlobals) = postSolution
		SolutionGuid = {C9FB3D8C-AE34-48D0-A45F-AD0315FFE214}
	EndGlobalSection
EndGlobal
